// !$*UTF8*$!
{
	archiveVersion = 1;
	classes = {
	};
	objectVersion = 56;
	objects = {

/* Begin PBXBuildFile section */
		8552AFB529E9D6C800337F41 /* ArcTheme.swift in Sources */ = {isa = PBXBuildFile; fileRef = 8552AFB429E9D6C700337F41 /* ArcTheme.swift */; };
		8552AFB729EADF6900337F41 /* SubView.swift in Sources */ = {isa = PBXBuildFile; fileRef = 8552AFB629EADF6900337F41 /* SubView.swift */; };
		8552AFB929EAFB7400337F41 /* CounterView.swift in Sources */ = {isa = PBXBuildFile; fileRef = 8552AFB829EAFB7400337F41 /* CounterView.swift */; };
		8552AFBB29EB42B600337F41 /* DetailEditView.swift in Sources */ = {isa = PBXBuildFile; fileRef = 8552AFBA29EB42B600337F41 /* DetailEditView.swift */; };
		85594F4129F43FB900038643 /* AddView.swift in Sources */ = {isa = PBXBuildFile; fileRef = 85594F4029F43FB900038643 /* AddView.swift */; };
		85594F4529F44C3800038643 /* ErrorView.swift in Sources */ = {isa = PBXBuildFile; fileRef = 85594F4429F44C3800038643 /* ErrorView.swift */; };
		85594F4729F44F7300038643 /* ErrorWrapper.swift in Sources */ = {isa = PBXBuildFile; fileRef = 85594F4629F44F7300038643 /* ErrorWrapper.swift */; };
		85AB8BE329E5E62F0066A2C8 /* ActiviityTracker2App.swift in Sources */ = {isa = PBXBuildFile; fileRef = 85AB8BE229E5E62F0066A2C8 /* ActiviityTracker2App.swift */; };
		85AB8BE729E5E6330066A2C8 /* Assets.xcassets in Resources */ = {isa = PBXBuildFile; fileRef = 85AB8BE629E5E6330066A2C8 /* Assets.xcassets */; };
		85AB8BEA29E5E6330066A2C8 /* Preview Assets.xcassets in Resources */ = {isa = PBXBuildFile; fileRef = 85AB8BE929E5E6330066A2C8 /* Preview Assets.xcassets */; };
		85AB8BF629E5F31E0066A2C8 /* MainView.swift in Sources */ = {isa = PBXBuildFile; fileRef = 85AB8BF529E5F31E0066A2C8 /* MainView.swift */; };
		85AB8BF829E5F74A0066A2C8 /* MainHeaderView.swift in Sources */ = {isa = PBXBuildFile; fileRef = 85AB8BF729E5F74A0066A2C8 /* MainHeaderView.swift */; };
		85AB8BFA29E5F77A0066A2C8 /* MainDiagramView.swift in Sources */ = {isa = PBXBuildFile; fileRef = 85AB8BF929E5F77A0066A2C8 /* MainDiagramView.swift */; };
		85AB8BFC29E5F7AC0066A2C8 /* MainFooterView.swift in Sources */ = {isa = PBXBuildFile; fileRef = 85AB8BFB29E5F7AC0066A2C8 /* MainFooterView.swift */; };
		85AB8BFE29E67B380066A2C8 /* MainFooterViewLine.swift in Sources */ = {isa = PBXBuildFile; fileRef = 85AB8BFD29E67B380066A2C8 /* MainFooterViewLine.swift */; };
		85AB8C0029E6C4130066A2C8 /* Activtiy.swift in Sources */ = {isa = PBXBuildFile; fileRef = 85AB8BFF29E6C4120066A2C8 /* Activtiy.swift */; };
		85AB8C0229E6D6EC0066A2C8 /* ArcView.swift in Sources */ = {isa = PBXBuildFile; fileRef = 85AB8C0129E6D6EC0066A2C8 /* ArcView.swift */; };
		85AB8C0629E70A2E0066A2C8 /* DiagramArc.swift in Sources */ = {isa = PBXBuildFile; fileRef = 85AB8C0529E70A2E0066A2C8 /* DiagramArc.swift */; };
/* End PBXBuildFile section */

/* Begin PBXFileReference section */
		8552AFB429E9D6C700337F41 /* ArcTheme.swift */ = {isa = PBXFileReference; lastKnownFileType = sourcecode.swift; path = ArcTheme.swift; sourceTree = "<group>"; };
		8552AFB629EADF6900337F41 /* SubView.swift */ = {isa = PBXFileReference; lastKnownFileType = sourcecode.swift; path = SubView.swift; sourceTree = "<group>"; };
		8552AFB829EAFB7400337F41 /* CounterView.swift */ = {isa = PBXFileReference; lastKnownFileType = sourcecode.swift; path = CounterView.swift; sourceTree = "<group>"; };
		8552AFBA29EB42B600337F41 /* DetailEditView.swift */ = {isa = PBXFileReference; lastKnownFileType = sourcecode.swift; path = DetailEditView.swift; sourceTree = "<group>"; };
		85594F4029F43FB900038643 /* AddView.swift */ = {isa = PBXFileReference; lastKnownFileType = sourcecode.swift; path = AddView.swift; sourceTree = "<group>"; };
		85594F4429F44C3800038643 /* ErrorView.swift */ = {isa = PBXFileReference; lastKnownFileType = sourcecode.swift; path = ErrorView.swift; sourceTree = "<group>"; };
		85594F4629F44F7300038643 /* ErrorWrapper.swift */ = {isa = PBXFileReference; lastKnownFileType = sourcecode.swift; path = ErrorWrapper.swift; sourceTree = "<group>"; };
		85AB8BDF29E5E62F0066A2C8 /* ActiviityTracker2.app */ = {isa = PBXFileReference; explicitFileType = wrapper.application; includeInIndex = 0; path = ActiviityTracker2.app; sourceTree = BUILT_PRODUCTS_DIR; };
		85AB8BE229E5E62F0066A2C8 /* ActiviityTracker2App.swift */ = {isa = PBXFileReference; lastKnownFileType = sourcecode.swift; path = ActiviityTracker2App.swift; sourceTree = "<group>"; };
		85AB8BE629E5E6330066A2C8 /* Assets.xcassets */ = {isa = PBXFileReference; lastKnownFileType = folder.assetcatalog; path = Assets.xcassets; sourceTree = "<group>"; };
		85AB8BE929E5E6330066A2C8 /* Preview Assets.xcassets */ = {isa = PBXFileReference; lastKnownFileType = folder.assetcatalog; path = "Preview Assets.xcassets"; sourceTree = "<group>"; };
		85AB8BF529E5F31E0066A2C8 /* MainView.swift */ = {isa = PBXFileReference; lastKnownFileType = sourcecode.swift; path = MainView.swift; sourceTree = "<group>"; };
		85AB8BF729E5F74A0066A2C8 /* MainHeaderView.swift */ = {isa = PBXFileReference; lastKnownFileType = sourcecode.swift; path = MainHeaderView.swift; sourceTree = "<group>"; };
		85AB8BF929E5F77A0066A2C8 /* MainDiagramView.swift */ = {isa = PBXFileReference; lastKnownFileType = sourcecode.swift; path = MainDiagramView.swift; sourceTree = "<group>"; };
		85AB8BFB29E5F7AC0066A2C8 /* MainFooterView.swift */ = {isa = PBXFileReference; lastKnownFileType = sourcecode.swift; path = MainFooterView.swift; sourceTree = "<group>"; };
		85AB8BFD29E67B380066A2C8 /* MainFooterViewLine.swift */ = {isa = PBXFileReference; lastKnownFileType = sourcecode.swift; path = MainFooterViewLine.swift; sourceTree = "<group>"; };
		85AB8BFF29E6C4120066A2C8 /* Activtiy.swift */ = {isa = PBXFileReference; lastKnownFileType = sourcecode.swift; path = Activtiy.swift; sourceTree = "<group>"; };
		85AB8C0129E6D6EC0066A2C8 /* ArcView.swift */ = {isa = PBXFileReference; lastKnownFileType = sourcecode.swift; path = ArcView.swift; sourceTree = "<group>"; };
		85AB8C0529E70A2E0066A2C8 /* DiagramArc.swift */ = {isa = PBXFileReference; lastKnownFileType = sourcecode.swift; path = DiagramArc.swift; sourceTree = "<group>"; };
/* End PBXFileReference section */

/* Begin PBXFrameworksBuildPhase section */
		85AB8BDC29E5E62F0066A2C8 /* Frameworks */ = {
			isa = PBXFrameworksBuildPhase;
			buildActionMask = 2147483647;
			files = (
			);
			runOnlyForDeploymentPostprocessing = 0;
		};
/* End PBXFrameworksBuildPhase section */

/* Begin PBXGroup section */
		85AB8BD629E5E62F0066A2C8 = {
			isa = PBXGroup;
			children = (
				85AB8BE129E5E62F0066A2C8 /* ActiviityTracker2 */,
				85AB8BE029E5E62F0066A2C8 /* Products */,
			);
			sourceTree = "<group>";
		};
		85AB8BE029E5E62F0066A2C8 /* Products */ = {
			isa = PBXGroup;
			children = (
				85AB8BDF29E5E62F0066A2C8 /* ActiviityTracker2.app */,
			);
			name = Products;
			sourceTree = "<group>";
		};
		85AB8BE129E5E62F0066A2C8 /* ActiviityTracker2 */ = {
			isa = PBXGroup;
			children = (
				85AB8BF029E5E7780066A2C8 /* Model */,
				85AB8BE229E5E62F0066A2C8 /* ActiviityTracker2App.swift */,
				85AB8BF529E5F31E0066A2C8 /* MainView.swift */,
				85594F4429F44C3800038643 /* ErrorView.swift */,
				85594F4029F43FB900038643 /* AddView.swift */,
				8552AFBA29EB42B600337F41 /* DetailEditView.swift */,
				8552AFB829EAFB7400337F41 /* CounterView.swift */,
				8552AFB629EADF6900337F41 /* SubView.swift */,
				85AB8BF729E5F74A0066A2C8 /* MainHeaderView.swift */,
				85AB8BF929E5F77A0066A2C8 /* MainDiagramView.swift */,
				85AB8C0129E6D6EC0066A2C8 /* ArcView.swift */,
				85AB8BFB29E5F7AC0066A2C8 /* MainFooterView.swift */,
				85AB8BFD29E67B380066A2C8 /* MainFooterViewLine.swift */,
				85AB8BE629E5E6330066A2C8 /* Assets.xcassets */,
				85AB8BE829E5E6330066A2C8 /* Preview Content */,
			);
			path = ActiviityTracker2;
			sourceTree = "<group>";
		};
		85AB8BE829E5E6330066A2C8 /* Preview Content */ = {
			isa = PBXGroup;
			children = (
				85AB8BE929E5E6330066A2C8 /* Preview Assets.xcassets */,
			);
			path = "Preview Content";
			sourceTree = "<group>";
		};
		85AB8BF029E5E7780066A2C8 /* Model */ = {
			isa = PBXGroup;
			children = (
				85AB8C0529E70A2E0066A2C8 /* DiagramArc.swift */,
				85AB8BFF29E6C4120066A2C8 /* Activtiy.swift */,
				8552AFB429E9D6C700337F41 /* ArcTheme.swift */,
				85594F4629F44F7300038643 /* ErrorWrapper.swift */,
			);
			path = Model;
			sourceTree = "<group>";
		};
/* End PBXGroup section */

/* Begin PBXNativeTarget section */
		85AB8BDE29E5E62F0066A2C8 /* ActiviityTracker2 */ = {
			isa = PBXNativeTarget;
			buildConfigurationList = 85AB8BED29E5E6330066A2C8 /* Build configuration list for PBXNativeTarget "ActiviityTracker2" */;
			buildPhases = (
				85AB8BDB29E5E62F0066A2C8 /* Sources */,
				85AB8BDC29E5E62F0066A2C8 /* Frameworks */,
				85AB8BDD29E5E62F0066A2C8 /* Resources */,
			);
			buildRules = (
			);
			dependencies = (
			);
			name = ActiviityTracker2;
			productName = ActiviityTracker2;
			productReference = 85AB8BDF29E5E62F0066A2C8 /* ActiviityTracker2.app */;
			productType = "com.apple.product-type.application";
		};
/* End PBXNativeTarget section */

/* Begin PBXProject section */
		85AB8BD729E5E62F0066A2C8 /* Project object */ = {
			isa = PBXProject;
			attributes = {
				BuildIndependentTargetsInParallel = 1;
				LastSwiftUpdateCheck = 1430;
				LastUpgradeCheck = 1430;
				TargetAttributes = {
					85AB8BDE29E5E62F0066A2C8 = {
						CreatedOnToolsVersion = 14.3;
					};
				};
			};
			buildConfigurationList = 85AB8BDA29E5E62F0066A2C8 /* Build configuration list for PBXProject "ActiviityTracker2" */;
			compatibilityVersion = "Xcode 14.0";
			developmentRegion = en;
			hasScannedForEncodings = 0;
			knownRegions = (
				en,
				Base,
			);
			mainGroup = 85AB8BD629E5E62F0066A2C8;
			productRefGroup = 85AB8BE029E5E62F0066A2C8 /* Products */;
			projectDirPath = "";
			projectRoot = "";
			targets = (
				85AB8BDE29E5E62F0066A2C8 /* ActiviityTracker2 */,
			);
		};
/* End PBXProject section */

/* Begin PBXResourcesBuildPhase section */
		85AB8BDD29E5E62F0066A2C8 /* Resources */ = {
			isa = PBXResourcesBuildPhase;
			buildActionMask = 2147483647;
			files = (
				85AB8BEA29E5E6330066A2C8 /* Preview Assets.xcassets in Resources */,
				85AB8BE729E5E6330066A2C8 /* Assets.xcassets in Resources */,
			);
			runOnlyForDeploymentPostprocessing = 0;
		};
/* End PBXResourcesBuildPhase section */

/* Begin PBXSourcesBuildPhase section */
		85AB8BDB29E5E62F0066A2C8 /* Sources */ = {
			isa = PBXSourcesBuildPhase;
			buildActionMask = 2147483647;
			files = (
				85594F4129F43FB900038643 /* AddView.swift in Sources */,
				85AB8BF829E5F74A0066A2C8 /* MainHeaderView.swift in Sources */,
				85AB8C0229E6D6EC0066A2C8 /* ArcView.swift in Sources */,
				85AB8BFE29E67B380066A2C8 /* MainFooterViewLine.swift in Sources */,
				8552AFB529E9D6C800337F41 /* ArcTheme.swift in Sources */,
				85AB8BF629E5F31E0066A2C8 /* MainView.swift in Sources */,
				85AB8BFA29E5F77A0066A2C8 /* MainDiagramView.swift in Sources */,
				85AB8C0029E6C4130066A2C8 /* Activtiy.swift in Sources */,
				85594F4729F44F7300038643 /* ErrorWrapper.swift in Sources */,
				8552AFB929EAFB7400337F41 /* CounterView.swift in Sources */,
				8552AFBB29EB42B600337F41 /* DetailEditView.swift in Sources */,
				85594F4529F44C3800038643 /* ErrorView.swift in Sources */,
				85AB8BFC29E5F7AC0066A2C8 /* MainFooterView.swift in Sources */,
				85AB8C0629E70A2E0066A2C8 /* DiagramArc.swift in Sources */,
				8552AFB729EADF6900337F41 /* SubView.swift in Sources */,
				85AB8BE329E5E62F0066A2C8 /* ActiviityTracker2App.swift in Sources */,
			);
			runOnlyForDeploymentPostprocessing = 0;
		};
/* End PBXSourcesBuildPhase section */

/* Begin XCBuildConfiguration section */
		85AB8BEB29E5E6330066A2C8 /* Debug */ = {
			isa = XCBuildConfiguration;
			buildSettings = {
				ALWAYS_SEARCH_USER_PATHS = NO;
				CLANG_ANALYZER_NONNULL = YES;
				CLANG_ANALYZER_NUMBER_OBJECT_CONVERSION = YES_AGGRESSIVE;
				CLANG_CXX_LANGUAGE_STANDARD = "gnu++20";
				CLANG_ENABLE_MODULES = YES;
				CLANG_ENABLE_OBJC_ARC = YES;
				CLANG_ENABLE_OBJC_WEAK = YES;
				CLANG_WARN_BLOCK_CAPTURE_AUTORELEASING = YES;
				CLANG_WARN_BOOL_CONVERSION = YES;
				CLANG_WARN_COMMA = YES;
				CLANG_WARN_CONSTANT_CONVERSION = YES;
				CLANG_WARN_DEPRECATED_OBJC_IMPLEMENTATIONS = YES;
				CLANG_WARN_DIRECT_OBJC_ISA_USAGE = YES_ERROR;
				CLANG_WARN_DOCUMENTATION_COMMENTS = YES;
				CLANG_WARN_EMPTY_BODY = YES;
				CLANG_WARN_ENUM_CONVERSION = YES;
				CLANG_WARN_INFINITE_RECURSION = YES;
				CLANG_WARN_INT_CONVERSION = YES;
				CLANG_WARN_NON_LITERAL_NULL_CONVERSION = YES;
				CLANG_WARN_OBJC_IMPLICIT_RETAIN_SELF = YES;
				CLANG_WARN_OBJC_LITERAL_CONVERSION = YES;
				CLANG_WARN_OBJC_ROOT_CLASS = YES_ERROR;
				CLANG_WARN_QUOTED_INCLUDE_IN_FRAMEWORK_HEADER = YES;
				CLANG_WARN_RANGE_LOOP_ANALYSIS = YES;
				CLANG_WARN_STRICT_PROTOTYPES = YES;
				CLANG_WARN_SUSPICIOUS_MOVE = YES;
				CLANG_WARN_UNGUARDED_AVAILABILITY = YES_AGGRESSIVE;
				CLANG_WARN_UNREACHABLE_CODE = YES;
				CLANG_WARN__DUPLICATE_METHOD_MATCH = YES;
				COPY_PHASE_STRIP = NO;
				DEBUG_INFORMATION_FORMAT = dwarf;
				ENABLE_STRICT_OBJC_MSGSEND = YES;
				ENABLE_TESTABILITY = YES;
				GCC_C_LANGUAGE_STANDARD = gnu11;
				GCC_DYNAMIC_NO_PIC = NO;
				GCC_NO_COMMON_BLOCKS = YES;
				GCC_OPTIMIZATION_LEVEL = 0;
				GCC_PREPROCESSOR_DEFINITIONS = (
					"DEBUG=1",
					"$(inherited)",
				);
				GCC_WARN_64_TO_32_BIT_CONVERSION = YES;
				GCC_WARN_ABOUT_RETURN_TYPE = YES_ERROR;
				GCC_WARN_UNDECLARED_SELECTOR = YES;
				GCC_WARN_UNINITIALIZED_AUTOS = YES_AGGRESSIVE;
				GCC_WARN_UNUSED_FUNCTION = YES;
				GCC_WARN_UNUSED_VARIABLE = YES;
				IPHONEOS_DEPLOYMENT_TARGET = 16.4;
				MTL_ENABLE_DEBUG_INFO = INCLUDE_SOURCE;
				MTL_FAST_MATH = YES;
				ONLY_ACTIVE_ARCH = YES;
				SDKROOT = iphoneos;
				SWIFT_ACTIVE_COMPILATION_CONDITIONS = DEBUG;
				SWIFT_OPTIMIZATION_LEVEL = "-Onone";
			};
			name = Debug;
		};
		85AB8BEC29E5E6330066A2C8 /* Release */ = {
			isa = XCBuildConfiguration;
			buildSettings = {
				ALWAYS_SEARCH_USER_PATHS = NO;
				CLANG_ANALYZER_NONNULL = YES;
				CLANG_ANALYZER_NUMBER_OBJECT_CONVERSION = YES_AGGRESSIVE;
				CLANG_CXX_LANGUAGE_STANDARD = "gnu++20";
				CLANG_ENABLE_MODULES = YES;
				CLANG_ENABLE_OBJC_ARC = YES;
				CLANG_ENABLE_OBJC_WEAK = YES;
				CLANG_WARN_BLOCK_CAPTURE_AUTORELEASING = YES;
				CLANG_WARN_BOOL_CONVERSION = YES;
				CLANG_WARN_COMMA = YES;
				CLANG_WARN_CONSTANT_CONVERSION = YES;
				CLANG_WARN_DEPRECATED_OBJC_IMPLEMENTATIONS = YES;
				CLANG_WARN_DIRECT_OBJC_ISA_USAGE = YES_ERROR;
				CLANG_WARN_DOCUMENTATION_COMMENTS = YES;
				CLANG_WARN_EMPTY_BODY = YES;
				CLANG_WARN_ENUM_CONVERSION = YES;
				CLANG_WARN_INFINITE_RECURSION = YES;
				CLANG_WARN_INT_CONVERSION = YES;
				CLANG_WARN_NON_LITERAL_NULL_CONVERSION = YES;
				CLANG_WARN_OBJC_IMPLICIT_RETAIN_SELF = YES;
				CLANG_WARN_OBJC_LITERAL_CONVERSION = YES;
				CLANG_WARN_OBJC_ROOT_CLASS = YES_ERROR;
				CLANG_WARN_QUOTED_INCLUDE_IN_FRAMEWORK_HEADER = YES;
				CLANG_WARN_RANGE_LOOP_ANALYSIS = YES;
				CLANG_WARN_STRICT_PROTOTYPES = YES;
				CLANG_WARN_SUSPICIOUS_MOVE = YES;
				CLANG_WARN_UNGUARDED_AVAILABILITY = YES_AGGRESSIVE;
				CLANG_WARN_UNREACHABLE_CODE = YES;
				CLANG_WARN__DUPLICATE_METHOD_MATCH = YES;
				COPY_PHASE_STRIP = NO;
				DEBUG_INFORMATION_FORMAT = "dwarf-with-dsym";
				ENABLE_NS_ASSERTIONS = NO;
				ENABLE_STRICT_OBJC_MSGSEND = YES;
				GCC_C_LANGUAGE_STANDARD = gnu11;
				GCC_NO_COMMON_BLOCKS = YES;
				GCC_WARN_64_TO_32_BIT_CONVERSION = YES;
				GCC_WARN_ABOUT_RETURN_TYPE = YES_ERROR;
				GCC_WARN_UNDECLARED_SELECTOR = YES;
				GCC_WARN_UNINITIALIZED_AUTOS = YES_AGGRESSIVE;
				GCC_WARN_UNUSED_FUNCTION = YES;
				GCC_WARN_UNUSED_VARIABLE = YES;
				IPHONEOS_DEPLOYMENT_TARGET = 16.4;
				MTL_ENABLE_DEBUG_INFO = NO;
				MTL_FAST_MATH = YES;
				SDKROOT = iphoneos;
				SWIFT_COMPILATION_MODE = wholemodule;
				SWIFT_OPTIMIZATION_LEVEL = "-O";
				VALIDATE_PRODUCT = YES;
			};
			name = Release;
		};
		85AB8BEE29E5E6330066A2C8 /* Debug */ = {
			isa = XCBuildConfiguration;
			buildSettings = {
				ASSETCATALOG_COMPILER_APPICON_NAME = AppIcon;
				ASSETCATALOG_COMPILER_GLOBAL_ACCENT_COLOR_NAME = AccentColor;
				CODE_SIGN_STYLE = Automatic;
				CURRENT_PROJECT_VERSION = 1;
				DEVELOPMENT_ASSET_PATHS = "\"ActiviityTracker2/Preview Content\"";
				DEVELOPMENT_TEAM = 4LR58F43S2;
				ENABLE_PREVIEWS = YES;
				GENERATE_INFOPLIST_FILE = YES;
				INFOPLIST_KEY_LSApplicationCategoryType = "public.app-category.business";
				INFOPLIST_KEY_UIApplicationSceneManifest_Generation = YES;
				INFOPLIST_KEY_UIApplicationSupportsIndirectInputEvents = YES;
				INFOPLIST_KEY_UILaunchScreen_Generation = YES;
				INFOPLIST_KEY_UISupportedInterfaceOrientations_iPad = "UIInterfaceOrientationPortrait UIInterfaceOrientationPortraitUpsideDown UIInterfaceOrientationLandscapeLeft UIInterfaceOrientationLandscapeRight";
				INFOPLIST_KEY_UISupportedInterfaceOrientations_iPhone = "UIInterfaceOrientationPortrait UIInterfaceOrientationLandscapeLeft UIInterfaceOrientationLandscapeRight";
				IPHONEOS_DEPLOYMENT_TARGET = 16.2;
				LD_RUNPATH_SEARCH_PATHS = (
					"$(inherited)",
					"@executable_path/Frameworks",
				);
				MARKETING_VERSION = 1.0;
				PRODUCT_BUNDLE_IDENTIFIER = com.Lgl.ActiviityTracker2;
				PRODUCT_NAME = "$(TARGET_NAME)";
				SWIFT_EMIT_LOC_STRINGS = YES;
				SWIFT_VERSION = 5.0;
				TARGETED_DEVICE_FAMILY = "1,2";
			};
			name = Debug;
		};
		85AB8BEF29E5E6330066A2C8 /* Release */ = {
			isa = XCBuildConfiguration;
			buildSettings = {
				ASSETCATALOG_COMPILER_APPICON_NAME = AppIcon;
				ASSETCATALOG_COMPILER_GLOBAL_ACCENT_COLOR_NAME = AccentColor;
				CODE_SIGN_STYLE = Automatic;
				CURRENT_PROJECT_VERSION = 1;
				DEVELOPMENT_ASSET_PATHS = "\"ActiviityTracker2/Preview Content\"";
				DEVELOPMENT_TEAM = 4LR58F43S2;
				ENABLE_PREVIEWS = YES;
				GENERATE_INFOPLIST_FILE = YES;
				INFOPLIST_KEY_LSApplicationCategoryType = "public.app-category.business";
				INFOPLIST_KEY_UIApplicationSceneManifest_Generation = YES;
				INFOPLIST_KEY_UIApplicationSupportsIndirectInputEvents = YES;
				INFOPLIST_KEY_UILaunchScreen_Generation = YES;
				INFOPLIST_KEY_UISupportedInterfaceOrientations_iPad = "UIInterfaceOrientationPortrait UIInterfaceOrientationPortraitUpsideDown UIInterfaceOrientationLandscapeLeft UIInterfaceOrientationLandscapeRight";
				INFOPLIST_KEY_UISupportedInterfaceOrientations_iPhone = "UIInterfaceOrientationPortrait UIInterfaceOrientationLandscapeLeft UIInterfaceOrientationLandscapeRight";
				IPHONEOS_DEPLOYMENT_TARGET = 16.2;
				LD_RUNPATH_SEARCH_PATHS = (
					"$(inherited)",
					"@executable_path/Frameworks",
				);
				MARKETING_VERSION = 1.0;
				PRODUCT_BUNDLE_IDENTIFIER = com.Lgl.ActiviityTracker2;
				PRODUCT_NAME = "$(TARGET_NAME)";
				SWIFT_EMIT_LOC_STRINGS = YES;
				SWIFT_VERSION = 5.0;
				TARGETED_DEVICE_FAMILY = "1,2";
			};
			name = Release;
		};
/* End XCBuildConfiguration section */

/* Begin XCConfigurationList section */
		85AB8BDA29E5E62F0066A2C8 /* Build configuration list for PBXProject "ActiviityTracker2" */ = {
			isa = XCConfigurationList;
			buildConfigurations = (
				85AB8BEB29E5E6330066A2C8 /* Debug */,
				85AB8BEC29E5E6330066A2C8 /* Release */,
			);
			defaultConfigurationIsVisible = 0;
			defaultConfigurationName = Release;
		};
		85AB8BED29E5E6330066A2C8 /* Build configuration list for PBXNativeTarget "ActiviityTracker2" */ = {
			isa = XCConfigurationList;
			buildConfigurations = (
				85AB8BEE29E5E6330066A2C8 /* Debug */,
				85AB8BEF29E5E6330066A2C8 /* Release */,
			);
			defaultConfigurationIsVisible = 0;
			defaultConfigurationName = Release;
		};
/* End XCConfigurationList section */
	};
	rootObject = 85AB8BD729E5E62F0066A2C8 /* Project object */;
}
